
Microsoft Visual Studio Solution File, Format Version 12.00
# Visual Studio Version 16
VisualStudioVersion = 16.0.30717.126
MinimumVisualStudioVersion = 10.0.40219.1
Project("{F2A71F9B-5D33-465A-A702-920D77279786}") = "Optimizer", "Optimizer\Optimizer.fsproj", "{757331E1-676D-4694-A131-9C346CFBE55E}"
EndProject
Project("{F2A71F9B-5D33-465A-A702-920D77279786}") = "BomOptimizer", "BomOptimizer\BomOptimizer.fsproj", "{92AC7BC1-2A75-4B58-9681-400A1DDBF59F}"
EndProject
Global
	GlobalSection(SolutionConfigurationPlatforms) = preSolution
		Debug|Any CPU = Debug|Any CPU
		Release|Any CPU = Release|Any CPU
	EndGlobalSection
	GlobalSection(ProjectConfigurationPlatforms) = postSolution
		{757331E1-676D-4694-A131-9C346CFBE55E}.Debug|Any CPU.ActiveCfg = Debug|Any CPU
		{757331E1-676D-4694-A131-9C346CFBE55E}.Debug|Any CPU.Build.0 = Debug|Any CPU
		{757331E1-676D-4694-A131-9C346CFBE55E}.Release|Any CPU.ActiveCfg = Release|Any CPU
		{757331E1-676D-4694-A131-9C346CFBE55E}.Release|Any CPU.Build.0 = Release|Any CPU
		{92AC7BC1-2A75-4B58-9681-400A1DDBF59F}.Debug|Any CPU.ActiveCfg = Debug|Any CPU
		{92AC7BC1-2A75-4B58-9681-400A1DDBF59F}.Debug|Any CPU.Build.0 = Debug|Any CPU
		{92AC7BC1-2A75-4B58-9681-400A1DDBF59F}.Release|Any CPU.ActiveCfg = Release|Any CPU
		{92AC7BC1-2A75-4B58-9681-400A1DDBF59F}.Release|Any CPU.Build.0 = Release|Any CPU
	EndGlobalSection
	GlobalSection(SolutionProperties) = preSolution
		HideSolutionNode = FALSE
	EndGlobalSection
	GlobalSection(ExtensibilityGlobals) = postSolution
		SolutionGuid = {9FFA7E22-236B-46B8-86A8-EFDBD0392E23}
	EndGlobalSection
EndGlobal
